
Microsoft Visual Studio Solution File, Format Version 12.00
# Visual Studio Version 17
VisualStudioVersion = 17.11.35312.102
MinimumVisualStudioVersion = 10.0.40219.1
Project("{FAE04EC0-301F-11D3-BF4B-00C04F79EFBC}") = "Dayagro_DIPActivity", "Dayagro_DIPActivity\Dayagro_DIPActivity.csproj", "{FF169B29-C268-48D2-B276-AC1BDBF93E4F}"
EndProject
Global
	GlobalSection(SolutionConfigurationPlatforms) = preSolution
		Debug|Any CPU = Debug|Any CPU
		Release|Any CPU = Release|Any CPU
	EndGlobalSection
	GlobalSection(ProjectConfigurationPlatforms) = postSolution
		{FF169B29-C268-48D2-B276-AC1BDBF93E4F}.Debug|Any CPU.ActiveCfg = Debug|Any CPU
		{FF169B29-C268-48D2-B276-AC1BDBF93E4F}.Debug|Any CPU.Build.0 = Debug|Any CPU
		{FF169B29-C268-48D2-B276-AC1BDBF93E4F}.Release|Any CPU.ActiveCfg = Release|Any CPU
		{FF169B29-C268-48D2-B276-AC1BDBF93E4F}.Release|Any CPU.Build.0 = Release|Any CPU
	EndGlobalSection
	GlobalSection(SolutionProperties) = preSolution
		HideSolutionNode = FALSE
	EndGlobalSection
	GlobalSection(ExtensibilityGlobals) = postSolution
		SolutionGuid = {86FAABE7-F949-4C64-9EB6-B5AC979151DE}
	EndGlobalSection
EndGlobal
